
Microsoft Visual Studio Solution File, Format Version 12.00
# Visual Studio Version 17
VisualStudioVersion = 17.8.34316.72
MinimumVisualStudioVersion = 10.0.40219.1
Project("{FAE04EC0-301F-11D3-BF4B-00C04F79EFBC}") = "GreenThumb", "GreenThumb\GreenThumb.csproj", "{3EB717DE-C9FB-4EDD-991C-D3800470214D}"
EndProject
Global
	GlobalSection(SolutionConfigurationPlatforms) = preSolution
		Debug|Any CPU = Debug|Any CPU
		Release|Any CPU = Release|Any CPU
	EndGlobalSection
	GlobalSection(ProjectConfigurationPlatforms) = postSolution
		{3EB717DE-C9FB-4EDD-991C-D3800470214D}.Debug|Any CPU.ActiveCfg = Debug|Any CPU
		{3EB717DE-C9FB-4EDD-991C-D3800470214D}.Debug|Any CPU.Build.0 = Debug|Any CPU
		{3EB717DE-C9FB-4EDD-991C-D3800470214D}.Release|Any CPU.ActiveCfg = Release|Any CPU
		{3EB717DE-C9FB-4EDD-991C-D3800470214D}.Release|Any CPU.Build.0 = Release|Any CPU
	EndGlobalSection
	GlobalSection(SolutionProperties) = preSolution
		HideSolutionNode = FALSE
	EndGlobalSection
	GlobalSection(ExtensibilityGlobals) = postSolution
		SolutionGuid = {21A36700-984F-45E8-AD45-C7E951FF0761}
	EndGlobalSection
EndGlobal
